
Microsoft Visual Studio Solution File, Format Version 12.00
# Visual Studio Version 17
VisualStudioVersion = 17.14.36408.4 d17.14
MinimumVisualStudioVersion = 10.0.40219.1
Project("{FAE04EC0-301F-11D3-BF4B-00C04F79EFBC}") = "DoAN_QuanLyBaiHat", "DoAN_QuanLyBaiHat\DoAN_QuanLyBaiHat.csproj", "{61AEBF9E-B48E-4F8F-9E20-28DC144EF661}"
EndProject
Global
	GlobalSection(SolutionConfigurationPlatforms) = preSolution
		Debug|Any CPU = Debug|Any CPU
		Release|Any CPU = Release|Any CPU
	EndGlobalSection
	GlobalSection(ProjectConfigurationPlatforms) = postSolution
		{61AEBF9E-B48E-4F8F-9E20-28DC144EF661}.Debug|Any CPU.ActiveCfg = Debug|Any CPU
		{61AEBF9E-B48E-4F8F-9E20-28DC144EF661}.Debug|Any CPU.Build.0 = Debug|Any CPU
		{61AEBF9E-B48E-4F8F-9E20-28DC144EF661}.Release|Any CPU.ActiveCfg = Release|Any CPU
		{61AEBF9E-B48E-4F8F-9E20-28DC144EF661}.Release|Any CPU.Build.0 = Release|Any CPU
	EndGlobalSection
	GlobalSection(SolutionProperties) = preSolution
		HideSolutionNode = FALSE
	EndGlobalSection
	GlobalSection(ExtensibilityGlobals) = postSolution
		SolutionGuid = {8EE59E94-48D2-46A0-938B-83446C26B9D6}
	EndGlobalSection
EndGlobal
